
Microsoft Visual Studio Solution File, Format Version 12.00
# Visual Studio Version 17
VisualStudioVersion = 17.5.33516.290
MinimumVisualStudioVersion = 10.0.40219.1
Project("{FAE04EC0-301F-11D3-BF4B-00C04F79EFBC}") = "PasswordProtectionPDF", "PasswordProtectionPDF\PasswordProtectionPDF.csproj", "{26A98A69-0445-49C2-91D5-274137D5E719}"
EndProject
Global
	GlobalSection(SolutionConfigurationPlatforms) = preSolution
		Debug|Any CPU = Debug|Any CPU
		Release|Any CPU = Release|Any CPU
	EndGlobalSection
	GlobalSection(ProjectConfigurationPlatforms) = postSolution
		{26A98A69-0445-49C2-91D5-274137D5E719}.Debug|Any CPU.ActiveCfg = Debug|Any CPU
		{26A98A69-0445-49C2-91D5-274137D5E719}.Debug|Any CPU.Build.0 = Debug|Any CPU
		{26A98A69-0445-49C2-91D5-274137D5E719}.Release|Any CPU.ActiveCfg = Release|Any CPU
		{26A98A69-0445-49C2-91D5-274137D5E719}.Release|Any CPU.Build.0 = Release|Any CPU
	EndGlobalSection
	GlobalSection(SolutionProperties) = preSolution
		HideSolutionNode = FALSE
	EndGlobalSection
	GlobalSection(ExtensibilityGlobals) = postSolution
		SolutionGuid = {26A75F83-7762-4698-826C-0BA2BD923F25}
	EndGlobalSection
EndGlobal
